
Microsoft Visual Studio Solution File, Format Version 12.00
# Visual Studio Version 16
VisualStudioVersion = 16.0.30204.135
MinimumVisualStudioVersion = 10.0.40219.1
Project("{FAE04EC0-301F-11D3-BF4B-00C04F79EFBC}") = "Leviathan Account", "Leviathan Account\Leviathan Account.csproj", "{F3B055A0-0FB1-40DB-BEEC-ECAF9FDA1552}"
EndProject
Global
	GlobalSection(SolutionConfigurationPlatforms) = preSolution
		Debug|Any CPU = Debug|Any CPU
		Release|Any CPU = Release|Any CPU
	EndGlobalSection
	GlobalSection(ProjectConfigurationPlatforms) = postSolution
		{F3B055A0-0FB1-40DB-BEEC-ECAF9FDA1552}.Debug|Any CPU.ActiveCfg = Debug|Any CPU
		{F3B055A0-0FB1-40DB-BEEC-ECAF9FDA1552}.Debug|Any CPU.Build.0 = Debug|Any CPU
		{F3B055A0-0FB1-40DB-BEEC-ECAF9FDA1552}.Release|Any CPU.ActiveCfg = Release|Any CPU
		{F3B055A0-0FB1-40DB-BEEC-ECAF9FDA1552}.Release|Any CPU.Build.0 = Release|Any CPU
	EndGlobalSection
	GlobalSection(SolutionProperties) = preSolution
		HideSolutionNode = FALSE
	EndGlobalSection
	GlobalSection(ExtensibilityGlobals) = postSolution
		SolutionGuid = {68BBBD6A-BB60-47B8-A41F-A2B88B65FD6F}
	EndGlobalSection
EndGlobal
